
Microsoft Visual Studio Solution File, Format Version 12.00
# Visual Studio 15
VisualStudioVersion = 15.0.27130.2036
MinimumVisualStudioVersion = 10.0.40219.1
Project("{A0786B88-2ADB-4C21-ABE8-AA2D79766269}") = "Group14", "Group14.phpproj", "{35510D30-0199-49C4-8B7F-221AD40C5696}"
EndProject
Global
	GlobalSection(SolutionConfigurationPlatforms) = preSolution
		Debug|Any CPU = Debug|Any CPU
		Release|Any CPU = Release|Any CPU
	EndGlobalSection
	GlobalSection(ProjectConfigurationPlatforms) = postSolution
		{35510D30-0199-49C4-8B7F-221AD40C5696}.Debug|Any CPU.ActiveCfg = Debug|Any CPU
		{35510D30-0199-49C4-8B7F-221AD40C5696}.Release|Any CPU.ActiveCfg = Release|Any CPU
	EndGlobalSection
	GlobalSection(SolutionProperties) = preSolution
		HideSolutionNode = FALSE
	EndGlobalSection
	GlobalSection(ExtensibilityGlobals) = postSolution
		SolutionGuid = {0BB9CA38-EE8B-49E7-BFBE-2DD2A80C84BC}
	EndGlobalSection
EndGlobal
